// !$*UTF8*$!
{
	archiveVersion = 1;
	classes = {
	};
	objectVersion = 46;
	objects = {

/* Begin PBXBuildFile section */
		C8E74C9A1E9BF814009128F4 /* AppDelegate.swift in Sources */ = {isa = PBXBuildFile; fileRef = C8E74C991E9BF814009128F4 /* AppDelegate.swift */; };
		C8E74C9C1E9BF814009128F4 /* ViewController.swift in Sources */ = {isa = PBXBuildFile; fileRef = C8E74C9B1E9BF814009128F4 /* ViewController.swift */; };
		C8E74C9F1E9BF814009128F4 /* Main.storyboard in Resources */ = {isa = PBXBuildFile; fileRef = C8E74C9D1E9BF814009128F4 /* Main.storyboard */; };
		C8E74CA21E9BF814009128F4 /* ToDoEaTer.xcdatamodeld in Sources */ = {isa = PBXBuildFile; fileRef = C8E74CA01E9BF814009128F4 /* ToDoEaTer.xcdatamodeld */; };
		C8E74CA41E9BF814009128F4 /* Assets.xcassets in Resources */ = {isa = PBXBuildFile; fileRef = C8E74CA31E9BF814009128F4 /* Assets.xcassets */; };
		C8E74CA71E9BF814009128F4 /* LaunchScreen.storyboard in Resources */ = {isa = PBXBuildFile; fileRef = C8E74CA51E9BF814009128F4 /* LaunchScreen.storyboard */; };
/* End PBXBuildFile section */

/* Begin PBXFileReference section */
		C8E74C961E9BF814009128F4 /* ToDoEaTer.app */ = {isa = PBXFileReference; explicitFileType = wrapper.application; includeInIndex = 0; path = ToDoEaTer.app; sourceTree = BUILT_PRODUCTS_DIR; };
		C8E74C991E9BF814009128F4 /* AppDelegate.swift */ = {isa = PBXFileReference; lastKnownFileType = sourcecode.swift; path = AppDelegate.swift; sourceTree = "<group>"; };
		C8E74C9B1E9BF814009128F4 /* ViewController.swift */ = {isa = PBXFileReference; lastKnownFileType = sourcecode.swift; path = ViewController.swift; sourceTree = "<group>"; };
		C8E74C9E1E9BF814009128F4 /* Base */ = {isa = PBXFileReference; lastKnownFileType = file.storyboard; name = Base; path = Base.lproj/Main.storyboard; sourceTree = "<group>"; };
		C8E74CA11E9BF814009128F4 /* ToDoEaTer.xcdatamodel */ = {isa = PBXFileReference; lastKnownFileType = wrapper.xcdatamodel; path = ToDoEaTer.xcdatamodel; sourceTree = "<group>"; };
		C8E74CA31E9BF814009128F4 /* Assets.xcassets */ = {isa = PBXFileReference; lastKnownFileType = folder.assetcatalog; path = Assets.xcassets; sourceTree = "<group>"; };
		C8E74CA61E9BF814009128F4 /* Base */ = {isa = PBXFileReference; lastKnownFileType = file.storyboard; name = Base; path = Base.lproj/LaunchScreen.storyboard; sourceTree = "<group>"; };
		C8E74CA81E9BF814009128F4 /* Info.plist */ = {isa = PBXFileReference; lastKnownFileType = text.plist.xml; path = Info.plist; sourceTree = "<group>"; };
/* End PBXFileReference section */

/* Begin PBXFrameworksBuildPhase section */
		C8E74C931E9BF814009128F4 /* Frameworks */ = {
			isa = PBXFrameworksBuildPhase;
			buildActionMask = 2147483647;
			files = (
			);
			runOnlyForDeploymentPostprocessing = 0;
		};
/* End PBXFrameworksBuildPhase section */

/* Begin PBXGroup section */
		C8E74C8D1E9BF814009128F4 = {
			isa = PBXGroup;
			children = (
				C8E74C981E9BF814009128F4 /* ToDoEaTer */,
				C8E74C971E9BF814009128F4 /* Products */,
			);
			sourceTree = "<group>";
		};
		C8E74C971E9BF814009128F4 /* Products */ = {
			isa = PBXGroup;
			children = (
				C8E74C961E9BF814009128F4 /* ToDoEaTer.app */,
			);
			name = Products;
			sourceTree = "<group>";
		};
		C8E74C981E9BF814009128F4 /* ToDoEaTer */ = {
			isa = PBXGroup;
			children = (
				C8E74C991E9BF814009128F4 /* AppDelegate.swift */,
				C8E74C9B1E9BF814009128F4 /* ViewController.swift */,
				C8E74C9D1E9BF814009128F4 /* Main.storyboard */,
				C8E74CA31E9BF814009128F4 /* Assets.xcassets */,
				C8E74CA51E9BF814009128F4 /* LaunchScreen.storyboard */,
				C8E74CA81E9BF814009128F4 /* Info.plist */,
				C8E74CA01E9BF814009128F4 /* ToDoEaTer.xcdatamodeld */,
			);
			path = ToDoEaTer;
			sourceTree = "<group>";
		};
/* End PBXGroup section */

/* Begin PBXNativeTarget section */
		C8E74C951E9BF814009128F4 /* ToDoEaTer */ = {
			isa = PBXNativeTarget;
			buildConfigurationList = C8E74CAB1E9BF814009128F4 /* Build configuration list for PBXNativeTarget "ToDoEaTer" */;
			buildPhases = (
				C8E74C921E9BF814009128F4 /* Sources */,
				C8E74C931E9BF814009128F4 /* Frameworks */,
				C8E74C941E9BF814009128F4 /* Resources */,
			);
			buildRules = (
			);
			dependencies = (
			);
			name = ToDoEaTer;
			productName = ToDoEaTer;
			productReference = C8E74C961E9BF814009128F4 /* ToDoEaTer.app */;
			productType = "com.apple.product-type.application";
		};
/* End PBXNativeTarget section */

/* Begin PBXProject section */
		C8E74C8E1E9BF814009128F4 /* Project object */ = {
			isa = PBXProject;
			attributes = {
				LastSwiftUpdateCheck = 0820;
				LastUpgradeCheck = 0820;
				ORGANIZATIONNAME = "Paweł Liczmański";
				TargetAttributes = {
					C8E74C951E9BF814009128F4 = {
						CreatedOnToolsVersion = 8.2.1;
						DevelopmentTeam = DBAJNSTG63;
						ProvisioningStyle = Automatic;
					};
				};
			};
			buildConfigurationList = C8E74C911E9BF814009128F4 /* Build configuration list for PBXProject "ToDoEaTer" */;
			compatibilityVersion = "Xcode 3.2";
			developmentRegion = English;
			hasScannedForEncodings = 0;
			knownRegions = (
				en,
				Base,
			);
			mainGroup = C8E74C8D1E9BF814009128F4;
			productRefGroup = C8E74C971E9BF814009128F4 /* Products */;
			projectDirPath = "";
			projectRoot = "";
			targets = (
				C8E74C951E9BF814009128F4 /* ToDoEaTer */,
			);
		};
/* End PBXProject section */

/* Begin PBXResourcesBuildPhase section */
		C8E74C941E9BF814009128F4 /* Resources */ = {
			isa = PBXResourcesBuildPhase;
			buildActionMask = 2147483647;
			files = (
				C8E74CA71E9BF814009128F4 /* LaunchScreen.storyboard in Resources */,
				C8E74CA41E9BF814009128F4 /* Assets.xcassets in Resources */,
				C8E74C9F1E9BF814009128F4 /* Main.storyboard in Resources */,
			);
			runOnlyForDeploymentPostprocessing = 0;
		};
/* End PBXResourcesBuildPhase section */

/* Begin PBXSourcesBuildPhase section */
		C8E74C921E9BF814009128F4 /* Sources */ = {
			isa = PBXSourcesBuildPhase;
			buildActionMask = 2147483647;
			files = (
				C8E74C9C1E9BF814009128F4 /* ViewController.swift in Sources */,
				C8E74CA21E9BF814009128F4 /* ToDoEaTer.xcdatamodeld in Sources */,
				C8E74C9A1E9BF814009128F4 /* AppDelegate.swift in Sources */,
			);
			runOnlyForDeploymentPostprocessing = 0;
		};
/* End PBXSourcesBuildPhase section */

/* Begin PBXVariantGroup section */
		C8E74C9D1E9BF814009128F4 /* Main.storyboard */ = {
			isa = PBXVariantGroup;
			children = (
				C8E74C9E1E9BF814009128F4 /* Base */,
			);
			name = Main.storyboard;
			sourceTree = "<group>";
		};
		C8E74CA51E9BF814009128F4 /* LaunchScreen.storyboard */ = {
			isa = PBXVariantGroup;
			children = (
				C8E74CA61E9BF814009128F4 /* Base */,
			);
			name = LaunchScreen.storyboard;
			sourceTree = "<group>";
		};
/* End PBXVariantGroup section */

/* Begin XCBuildConfiguration section */
		C8E74CA91E9BF814009128F4 /* Debug */ = {
			isa = XCBuildConfiguration;
			buildSettings = {
				ALWAYS_SEARCH_USER_PATHS = NO;
				CLANG_ANALYZER_NONNULL = YES;
				CLANG_CXX_LANGUAGE_STANDARD = "gnu++0x";
				CLANG_CXX_LIBRARY = "libc++";
				CLANG_ENABLE_MODULES = YES;
				CLANG_ENABLE_OBJC_ARC = YES;
				CLANG_WARN_BOOL_CONVERSION = YES;
				CLANG_WARN_CONSTANT_CONVERSION = YES;
				CLANG_WARN_DIRECT_OBJC_ISA_USAGE = YES_ERROR;
				CLANG_WARN_DOCUMENTATION_COMMENTS = YES;
				CLANG_WARN_EMPTY_BODY = YES;
				CLANG_WARN_ENUM_CONVERSION = YES;
				CLANG_WARN_INFINITE_RECURSION = YES;
				CLANG_WARN_INT_CONVERSION = YES;
				CLANG_WARN_OBJC_ROOT_CLASS = YES_ERROR;
				CLANG_WARN_SUSPICIOUS_MOVE = YES;
				CLANG_WARN_UNREACHABLE_CODE = YES;
				CLANG_WARN__DUPLICATE_METHOD_MATCH = YES;
				"CODE_SIGN_IDENTITY[sdk=iphoneos*]" = "iPhone Developer";
				COPY_PHASE_STRIP = NO;
				DEBUG_INFORMATION_FORMAT = dwarf;
				ENABLE_STRICT_OBJC_MSGSEND = YES;
				ENABLE_TESTABILITY = YES;
				GCC_C_LANGUAGE_STANDARD = gnu99;
				GCC_DYNAMIC_NO_PIC = NO;
				GCC_NO_COMMON_BLOCKS = YES;
				GCC_OPTIMIZATION_LEVEL = 0;
				GCC_PREPROCESSOR_DEFINITIONS = (
					"DEBUG=1",
					"$(inherited)",
				);
				GCC_WARN_64_TO_32_BIT_CONVERSION = YES;
				GCC_WARN_ABOUT_RETURN_TYPE = YES_ERROR;
				GCC_WARN_UNDECLARED_SELECTOR = YES;
				GCC_WARN_UNINITIALIZED_AUTOS = YES_AGGRESSIVE;
				GCC_WARN_UNUSED_FUNCTION = YES;
				GCC_WARN_UNUSED_VARIABLE = YES;
				IPHONEOS_DEPLOYMENT_TARGET = 10.2;
				MTL_ENABLE_DEBUG_INFO = YES;
				ONLY_ACTIVE_ARCH = YES;
				SDKROOT = iphoneos;
				SWIFT_ACTIVE_COMPILATION_CONDITIONS = DEBUG;
				SWIFT_OPTIMIZATION_LEVEL = "-Onone";
			};
			name = Debug;
		};
		C8E74CAA1E9BF814009128F4 /* Release */ = {
			isa = XCBuildConfiguration;
			buildSettings = {
				ALWAYS_SEARCH_USER_PATHS = NO;
				CLANG_ANALYZER_NONNULL = YES;
				CLANG_CXX_LANGUAGE_STANDARD = "gnu++0x";
				CLANG_CXX_LIBRARY = "libc++";
				CLANG_ENABLE_MODULES = YES;
				CLANG_ENABLE_OBJC_ARC = YES;
				CLANG_WARN_BOOL_CONVERSION = YES;
				CLANG_WARN_CONSTANT_CONVERSION = YES;
				CLANG_WARN_DIRECT_OBJC_ISA_USAGE = YES_ERROR;
				CLANG_WARN_DOCUMENTATION_COMMENTS = YES;
				CLANG_WARN_EMPTY_BODY = YES;
				CLANG_WARN_ENUM_CONVERSION = YES;
				CLANG_WARN_INFINITE_RECURSION = YES;
				CLANG_WARN_INT_CONVERSION = YES;
				CLANG_WARN_OBJC_ROOT_CLASS = YES_ERROR;
				CLANG_WARN_SUSPICIOUS_MOVE = YES;
				CLANG_WARN_UNREACHABLE_CODE = YES;
				CLANG_WARN__DUPLICATE_METHOD_MATCH = YES;
				"CODE_SIGN_IDENTITY[sdk=iphoneos*]" = "iPhone Developer";
				COPY_PHASE_STRIP = NO;
				DEBUG_INFORMATION_FORMAT = "dwarf-with-dsym";
				ENABLE_NS_ASSERTIONS = NO;
				ENABLE_STRICT_OBJC_MSGSEND = YES;
				GCC_C_LANGUAGE_STANDARD = gnu99;
				GCC_NO_COMMON_BLOCKS = YES;
				GCC_WARN_64_TO_32_BIT_CONVERSION = YES;
				GCC_WARN_ABOUT_RETURN_TYPE = YES_ERROR;
				GCC_WARN_UNDECLARED_SELECTOR = YES;
				GCC_WARN_UNINITIALIZED_AUTOS = YES_AGGRESSIVE;
				GCC_WARN_UNUSED_FUNCTION = YES;
				GCC_WARN_UNUSED_VARIABLE = YES;
				IPHONEOS_DEPLOYMENT_TARGET = 10.2;
				MTL_ENABLE_DEBUG_INFO = NO;
				SDKROOT = iphoneos;
				SWIFT_OPTIMIZATION_LEVEL = "-Owholemodule";
				VALIDATE_PRODUCT = YES;
			};
			name = Release;
		};
		C8E74CAC1E9BF814009128F4 /* Debug */ = {
			isa = XCBuildConfiguration;
			buildSettings = {
				ASSETCATALOG_COMPILER_APPICON_NAME = AppIcon;
				DEVELOPMENT_TEAM = DBAJNSTG63;
				INFOPLIST_FILE = ToDoEaTer/Info.plist;
				LD_RUNPATH_SEARCH_PATHS = "$(inherited) @executable_path/Frameworks";
				PRODUCT_BUNDLE_IDENTIFIER = com.pawelliczmanski.ToDoEaTer;
				PRODUCT_NAME = "$(TARGET_NAME)";
				SWIFT_VERSION = 3.0;
			};
			name = Debug;
		};
		C8E74CAD1E9BF814009128F4 /* Release */ = {
			isa = XCBuildConfiguration;
			buildSettings = {
				ASSETCATALOG_COMPILER_APPICON_NAME = AppIcon;
				DEVELOPMENT_TEAM = DBAJNSTG63;
				INFOPLIST_FILE = ToDoEaTer/Info.plist;
				LD_RUNPATH_SEARCH_PATHS = "$(inherited) @executable_path/Frameworks";
				PRODUCT_BUNDLE_IDENTIFIER = com.pawelliczmanski.ToDoEaTer;
				PRODUCT_NAME = "$(TARGET_NAME)";
				SWIFT_VERSION = 3.0;
			};
			name = Release;
		};
/* End XCBuildConfiguration section */

/* Begin XCConfigurationList section */
		C8E74C911E9BF814009128F4 /* Build configuration list for PBXProject "ToDoEaTer" */ = {
			isa = XCConfigurationList;
			buildConfigurations = (
				C8E74CA91E9BF814009128F4 /* Debug */,
				C8E74CAA1E9BF814009128F4 /* Release */,
			);
			defaultConfigurationIsVisible = 0;
			defaultConfigurationName = Release;
		};
		C8E74CAB1E9BF814009128F4 /* Build configuration list for PBXNativeTarget "ToDoEaTer" */ = {
			isa = XCConfigurationList;
			buildConfigurations = (
				C8E74CAC1E9BF814009128F4 /* Debug */,
				C8E74CAD1E9BF814009128F4 /* Release */,
			);
			defaultConfigurationIsVisible = 0;
			defaultConfigurationName = Release;
		};
/* End XCConfigurationList section */

/* Begin XCVersionGroup section */
		C8E74CA01E9BF814009128F4 /* ToDoEaTer.xcdatamodeld */ = {
			isa = XCVersionGroup;
			children = (
				C8E74CA11E9BF814009128F4 /* ToDoEaTer.xcdatamodel */,
			);
			currentVersion = C8E74CA11E9BF814009128F4 /* ToDoEaTer.xcdatamodel */;
			path = ToDoEaTer.xcdatamodeld;
			sourceTree = "<group>";
			versionGroupType = wrapper.xcdatamodel;
		};
/* End XCVersionGroup section */
	};
	rootObject = C8E74C8E1E9BF814009128F4 /* Project object */;
}
